
Microsoft Visual Studio Solution File, Format Version 12.00
# Visual Studio Version 17
VisualStudioVersion = 17.6.33815.320
MinimumVisualStudioVersion = 10.0.40219.1
Project("{FAE04EC0-301F-11D3-BF4B-00C04F79EFBC}") = "asp_net_20_07", "asp_net_20_07\asp_net_20_07.csproj", "{B99BD2E9-3692-4576-B0E3-8E67401CB317}"
EndProject
Global
	GlobalSection(SolutionConfigurationPlatforms) = preSolution
		Debug|Any CPU = Debug|Any CPU
		Release|Any CPU = Release|Any CPU
	EndGlobalSection
	GlobalSection(ProjectConfigurationPlatforms) = postSolution
		{B99BD2E9-3692-4576-B0E3-8E67401CB317}.Debug|Any CPU.ActiveCfg = Debug|Any CPU
		{B99BD2E9-3692-4576-B0E3-8E67401CB317}.Debug|Any CPU.Build.0 = Debug|Any CPU
		{B99BD2E9-3692-4576-B0E3-8E67401CB317}.Release|Any CPU.ActiveCfg = Release|Any CPU
		{B99BD2E9-3692-4576-B0E3-8E67401CB317}.Release|Any CPU.Build.0 = Release|Any CPU
	EndGlobalSection
	GlobalSection(SolutionProperties) = preSolution
		HideSolutionNode = FALSE
	EndGlobalSection
	GlobalSection(ExtensibilityGlobals) = postSolution
		SolutionGuid = {A976A977-316D-4377-AEC1-2F1D0DC325DC}
	EndGlobalSection
EndGlobal
